// !$*UTF8*$!
{
	archiveVersion = 1;
	classes = {
	};
	objectVersion = 45;
	objects = {

/* Begin PBXBuildFile section */
		1D3623260D0F684500981E51 /* ShowOffPadAppDelegate.m in Sources */ = {isa = PBXBuildFile; fileRef = 1D3623250D0F684500981E51 /* ShowOffPadAppDelegate.m */; };
		1D60589B0D05DD56006BFB54 /* main.m in Sources */ = {isa = PBXBuildFile; fileRef = 29B97316FDCFA39411CA2CEA /* main.m */; };
		1D60589F0D05DD5A006BFB54 /* Foundation.framework in Frameworks */ = {isa = PBXBuildFile; fileRef = 1D30AB110D05D00D00671497 /* Foundation.framework */; };
		1DF5F4E00D08C38300B7A737 /* UIKit.framework in Frameworks */ = {isa = PBXBuildFile; fileRef = 1DF5F4DF0D08C38300B7A737 /* UIKit.framework */; };
		288765A50DF7441C002DB57D /* CoreGraphics.framework in Frameworks */ = {isa = PBXBuildFile; fileRef = 288765A40DF7441C002DB57D /* CoreGraphics.framework */; };
		2899E5220DE3E06400AC0155 /* ShowOffPadViewController.xib in Resources */ = {isa = PBXBuildFile; fileRef = 2899E5210DE3E06400AC0155 /* ShowOffPadViewController.xib */; };
		28D7ACF80DDB3853001CB0EB /* ShowOffPadViewController.m in Sources */ = {isa = PBXBuildFile; fileRef = 28D7ACF70DDB3853001CB0EB /* ShowOffPadViewController.m */; };
		31CE731611987723006C68D9 /* ShowOffPadPresentController.m in Sources */ = {isa = PBXBuildFile; fileRef = 31CE731511987723006C68D9 /* ShowOffPadPresentController.m */; };
		31CE739A119879D7006C68D9 /* ShowOffPadPresentController.xib in Resources */ = {isa = PBXBuildFile; fileRef = 31CE7399119879D7006C68D9 /* ShowOffPadPresentController.xib */; };
		31CE759A1198A79A006C68D9 /* UITouchyView.m in Sources */ = {isa = PBXBuildFile; fileRef = 31CE75991198A79A006C68D9 /* UITouchyView.m */; };
		31CE76F91199983F006C68D9 /* RootController.m in Sources */ = {isa = PBXBuildFile; fileRef = 31CE76F81199983F006C68D9 /* RootController.m */; };
		31CE772811999BF6006C68D9 /* NewFormController.xib in Resources */ = {isa = PBXBuildFile; fileRef = 31CE772711999BF6006C68D9 /* NewFormController.xib */; };
		31CE773211999D50006C68D9 /* NewFormController.m in Sources */ = {isa = PBXBuildFile; fileRef = 31CE773111999D50006C68D9 /* NewFormController.m */; };
		31CE77CF1199A3CA006C68D9 /* ASIAuthenticationDialog.m in Sources */ = {isa = PBXBuildFile; fileRef = 31CE77C11199A3CA006C68D9 /* ASIAuthenticationDialog.m */; };
		31CE77D01199A3CA006C68D9 /* ASIFormDataRequest.m in Sources */ = {isa = PBXBuildFile; fileRef = 31CE77C31199A3CA006C68D9 /* ASIFormDataRequest.m */; };
		31CE77D11199A3CA006C68D9 /* ASIHTTPRequest.m in Sources */ = {isa = PBXBuildFile; fileRef = 31CE77C51199A3CA006C68D9 /* ASIHTTPRequest.m */; };
		31CE77D21199A3CA006C68D9 /* ASIInputStream.m in Sources */ = {isa = PBXBuildFile; fileRef = 31CE77C91199A3CA006C68D9 /* ASIInputStream.m */; };
		31CE77D31199A3CA006C68D9 /* ASINetworkQueue.m in Sources */ = {isa = PBXBuildFile; fileRef = 31CE77CB1199A3CA006C68D9 /* ASINetworkQueue.m */; };
		31CE77D41199A3CA006C68D9 /* ASINSStringAdditions.m in Sources */ = {isa = PBXBuildFile; fileRef = 31CE77CD1199A3CA006C68D9 /* ASINSStringAdditions.m */; };
		31CE77E21199A3FE006C68D9 /* CFNetwork.framework in Frameworks */ = {isa = PBXBuildFile; fileRef = 31CE77E11199A3FE006C68D9 /* CFNetwork.framework */; };
		31CE77E61199A406006C68D9 /* SystemConfiguration.framework in Frameworks */ = {isa = PBXBuildFile; fileRef = 31CE77E51199A406006C68D9 /* SystemConfiguration.framework */; };
		31CE77EA1199A40D006C68D9 /* MobileCoreServices.framework in Frameworks */ = {isa = PBXBuildFile; fileRef = 31CE77E91199A40D006C68D9 /* MobileCoreServices.framework */; };
		31CE77EE1199A412006C68D9 /* libz.1.2.3.dylib in Frameworks */ = {isa = PBXBuildFile; fileRef = 31CE77ED1199A412006C68D9 /* libz.1.2.3.dylib */; };
		31CE77F11199A446006C68D9 /* Reachability.m in Sources */ = {isa = PBXBuildFile; fileRef = 31CE77F01199A446006C68D9 /* Reachability.m */; };
		31CE792D1199BD35006C68D9 /* MainWindow.xib in Resources */ = {isa = PBXBuildFile; fileRef = 31CE792C1199BD35006C68D9 /* MainWindow.xib */; };
		77E9258912CD858700DF73A1 /* QuartzCore.framework in Frameworks */ = {isa = PBXBuildFile; fileRef = 77E9258812CD858700DF73A1 /* QuartzCore.framework */; };
/* End PBXBuildFile section */

/* Begin PBXFileReference section */
		1D30AB110D05D00D00671497 /* Foundation.framework */ = {isa = PBXFileReference; lastKnownFileType = wrapper.framework; name = Foundation.framework; path = System/Library/Frameworks/Foundation.framework; sourceTree = SDKROOT; };
		1D3623240D0F684500981E51 /* ShowOffPadAppDelegate.h */ = {isa = PBXFileReference; fileEncoding = 4; lastKnownFileType = sourcecode.c.h; path = ShowOffPadAppDelegate.h; sourceTree = "<group>"; };
		1D3623250D0F684500981E51 /* ShowOffPadAppDelegate.m */ = {isa = PBXFileReference; fileEncoding = 4; lastKnownFileType = sourcecode.c.objc; path = ShowOffPadAppDelegate.m; sourceTree = "<group>"; };
		1D6058910D05DD3D006BFB54 /* ShowOffPad.app */ = {isa = PBXFileReference; explicitFileType = wrapper.application; includeInIndex = 0; path = ShowOffPad.app; sourceTree = BUILT_PRODUCTS_DIR; };
		1DF5F4DF0D08C38300B7A737 /* UIKit.framework */ = {isa = PBXFileReference; lastKnownFileType = wrapper.framework; name = UIKit.framework; path = System/Library/Frameworks/UIKit.framework; sourceTree = SDKROOT; };
		288765A40DF7441C002DB57D /* CoreGraphics.framework */ = {isa = PBXFileReference; lastKnownFileType = wrapper.framework; name = CoreGraphics.framework; path = System/Library/Frameworks/CoreGraphics.framework; sourceTree = SDKROOT; };
		2899E5210DE3E06400AC0155 /* ShowOffPadViewController.xib */ = {isa = PBXFileReference; lastKnownFileType = file.xib; path = ShowOffPadViewController.xib; sourceTree = "<group>"; };
		28D7ACF60DDB3853001CB0EB /* ShowOffPadViewController.h */ = {isa = PBXFileReference; fileEncoding = 4; lastKnownFileType = sourcecode.c.h; path = ShowOffPadViewController.h; sourceTree = "<group>"; };
		28D7ACF70DDB3853001CB0EB /* ShowOffPadViewController.m */ = {isa = PBXFileReference; fileEncoding = 4; lastKnownFileType = sourcecode.c.objc; path = ShowOffPadViewController.m; sourceTree = "<group>"; };
		29B97316FDCFA39411CA2CEA /* main.m */ = {isa = PBXFileReference; fileEncoding = 4; lastKnownFileType = sourcecode.c.objc; path = main.m; sourceTree = "<group>"; };
		31CE731411987723006C68D9 /* ShowOffPadPresentController.h */ = {isa = PBXFileReference; fileEncoding = 4; lastKnownFileType = sourcecode.c.h; path = ShowOffPadPresentController.h; sourceTree = "<group>"; };
		31CE731511987723006C68D9 /* ShowOffPadPresentController.m */ = {isa = PBXFileReference; fileEncoding = 4; lastKnownFileType = sourcecode.c.objc; path = ShowOffPadPresentController.m; sourceTree = "<group>"; };
		31CE7399119879D7006C68D9 /* ShowOffPadPresentController.xib */ = {isa = PBXFileReference; lastKnownFileType = file.xib; path = ShowOffPadPresentController.xib; sourceTree = "<group>"; };
		31CE75981198A79A006C68D9 /* UITouchyView.h */ = {isa = PBXFileReference; fileEncoding = 4; lastKnownFileType = sourcecode.c.h; path = UITouchyView.h; sourceTree = "<group>"; };
		31CE75991198A79A006C68D9 /* UITouchyView.m */ = {isa = PBXFileReference; fileEncoding = 4; lastKnownFileType = sourcecode.c.objc; path = UITouchyView.m; sourceTree = "<group>"; };
		31CE76F71199983F006C68D9 /* RootController.h */ = {isa = PBXFileReference; fileEncoding = 4; lastKnownFileType = sourcecode.c.h; path = RootController.h; sourceTree = "<group>"; };
		31CE76F81199983F006C68D9 /* RootController.m */ = {isa = PBXFileReference; fileEncoding = 4; lastKnownFileType = sourcecode.c.objc; path = RootController.m; sourceTree = "<group>"; };
		31CE772711999BF6006C68D9 /* NewFormController.xib */ = {isa = PBXFileReference; lastKnownFileType = file.xib; path = NewFormController.xib; sourceTree = "<group>"; };
		31CE773011999D50006C68D9 /* NewFormController.h */ = {isa = PBXFileReference; fileEncoding = 4; lastKnownFileType = sourcecode.c.h; path = NewFormController.h; sourceTree = "<group>"; };
		31CE773111999D50006C68D9 /* NewFormController.m */ = {isa = PBXFileReference; fileEncoding = 4; lastKnownFileType = sourcecode.c.objc; path = NewFormController.m; sourceTree = "<group>"; };
		31CE779C1199A2EC006C68D9 /* HTTPRiot.framework */ = {isa = PBXFileReference; lastKnownFileType = wrapper.framework; name = HTTPRiot.framework; path = "/Users/schacon/Downloads/httpriot-0.6.10/HTTPRiot.framework"; sourceTree = "<absolute>"; };
		31CE77C01199A3CA006C68D9 /* ASIAuthenticationDialog.h */ = {isa = PBXFileReference; fileEncoding = 4; lastKnownFileType = sourcecode.c.h; path = ASIAuthenticationDialog.h; sourceTree = "<group>"; };
		31CE77C11199A3CA006C68D9 /* ASIAuthenticationDialog.m */ = {isa = PBXFileReference; fileEncoding = 4; lastKnownFileType = sourcecode.c.objc; path = ASIAuthenticationDialog.m; sourceTree = "<group>"; };
		31CE77C21199A3CA006C68D9 /* ASIFormDataRequest.h */ = {isa = PBXFileReference; fileEncoding = 4; lastKnownFileType = sourcecode.c.h; path = ASIFormDataRequest.h; sourceTree = "<group>"; };
		31CE77C31199A3CA006C68D9 /* ASIFormDataRequest.m */ = {isa = PBXFileReference; fileEncoding = 4; lastKnownFileType = sourcecode.c.objc; path = ASIFormDataRequest.m; sourceTree = "<group>"; };
		31CE77C41199A3CA006C68D9 /* ASIHTTPRequest.h */ = {isa = PBXFileReference; fileEncoding = 4; lastKnownFileType = sourcecode.c.h; path = ASIHTTPRequest.h; sourceTree = "<group>"; };
		31CE77C51199A3CA006C68D9 /* ASIHTTPRequest.m */ = {isa = PBXFileReference; fileEncoding = 4; lastKnownFileType = sourcecode.c.objc; path = ASIHTTPRequest.m; sourceTree = "<group>"; };
		31CE77C61199A3CA006C68D9 /* ASIHTTPRequestConfig.h */ = {isa = PBXFileReference; fileEncoding = 4; lastKnownFileType = sourcecode.c.h; path = ASIHTTPRequestConfig.h; sourceTree = "<group>"; };
		31CE77C71199A3CA006C68D9 /* ASIHTTPRequestDelegate.h */ = {isa = PBXFileReference; fileEncoding = 4; lastKnownFileType = sourcecode.c.h; path = ASIHTTPRequestDelegate.h; sourceTree = "<group>"; };
		31CE77C81199A3CA006C68D9 /* ASIInputStream.h */ = {isa = PBXFileReference; fileEncoding = 4; lastKnownFileType = sourcecode.c.h; path = ASIInputStream.h; sourceTree = "<group>"; };
		31CE77C91199A3CA006C68D9 /* ASIInputStream.m */ = {isa = PBXFileReference; fileEncoding = 4; lastKnownFileType = sourcecode.c.objc; path = ASIInputStream.m; sourceTree = "<group>"; };
		31CE77CA1199A3CA006C68D9 /* ASINetworkQueue.h */ = {isa = PBXFileReference; fileEncoding = 4; lastKnownFileType = sourcecode.c.h; path = ASINetworkQueue.h; sourceTree = "<group>"; };
		31CE77CB1199A3CA006C68D9 /* ASINetworkQueue.m */ = {isa = PBXFileReference; fileEncoding = 4; lastKnownFileType = sourcecode.c.objc; path = ASINetworkQueue.m; sourceTree = "<group>"; };
		31CE77CC1199A3CA006C68D9 /* ASINSStringAdditions.h */ = {isa = PBXFileReference; fileEncoding = 4; lastKnownFileType = sourcecode.c.h; path = ASINSStringAdditions.h; sourceTree = "<group>"; };
		31CE77CD1199A3CA006C68D9 /* ASINSStringAdditions.m */ = {isa = PBXFileReference; fileEncoding = 4; lastKnownFileType = sourcecode.c.objc; path = ASINSStringAdditions.m; sourceTree = "<group>"; };
		31CE77CE1199A3CA006C68D9 /* ASIProgressDelegate.h */ = {isa = PBXFileReference; fileEncoding = 4; lastKnownFileType = sourcecode.c.h; path = ASIProgressDelegate.h; sourceTree = "<group>"; };
		31CE77E11199A3FE006C68D9 /* CFNetwork.framework */ = {isa = PBXFileReference; lastKnownFileType = wrapper.framework; name = CFNetwork.framework; path = System/Library/Frameworks/CFNetwork.framework; sourceTree = SDKROOT; };
		31CE77E51199A406006C68D9 /* SystemConfiguration.framework */ = {isa = PBXFileReference; lastKnownFileType = wrapper.framework; name = SystemConfiguration.framework; path = System/Library/Frameworks/SystemConfiguration.framework; sourceTree = SDKROOT; };
		31CE77E91199A40D006C68D9 /* MobileCoreServices.framework */ = {isa = PBXFileReference; lastKnownFileType = wrapper.framework; name = MobileCoreServices.framework; path = System/Library/Frameworks/MobileCoreServices.framework; sourceTree = SDKROOT; };
		31CE77ED1199A412006C68D9 /* libz.1.2.3.dylib */ = {isa = PBXFileReference; lastKnownFileType = "compiled.mach-o.dylib"; name = libz.1.2.3.dylib; path = usr/lib/libz.1.2.3.dylib; sourceTree = SDKROOT; };
		31CE77EF1199A446006C68D9 /* Reachability.h */ = {isa = PBXFileReference; fileEncoding = 4; lastKnownFileType = sourcecode.c.h; path = Reachability.h; sourceTree = "<group>"; };
		31CE77F01199A446006C68D9 /* Reachability.m */ = {isa = PBXFileReference; fileEncoding = 4; lastKnownFileType = sourcecode.c.objc; path = Reachability.m; sourceTree = "<group>"; };
		31CE792C1199BD35006C68D9 /* MainWindow.xib */ = {isa = PBXFileReference; lastKnownFileType = file.xib; path = MainWindow.xib; sourceTree = "<group>"; };
		32CA4F630368D1EE00C91783 /* ShowOffPad_Prefix.pch */ = {isa = PBXFileReference; fileEncoding = 4; lastKnownFileType = sourcecode.c.h; path = ShowOffPad_Prefix.pch; sourceTree = "<group>"; };
		77E9258812CD858700DF73A1 /* QuartzCore.framework */ = {isa = PBXFileReference; lastKnownFileType = wrapper.framework; name = QuartzCore.framework; path = System/Library/Frameworks/QuartzCore.framework; sourceTree = SDKROOT; };
		8D1107310486CEB800E47090 /* ShowOffPad-Info.plist */ = {isa = PBXFileReference; fileEncoding = 4; lastKnownFileType = text.plist.xml; path = "ShowOffPad-Info.plist"; plistStructureDefinitionIdentifier = "com.apple.xcode.plist.structure-definition.iphone.info-plist"; sourceTree = "<group>"; };
/* End PBXFileReference section */

/* Begin PBXFrameworksBuildPhase section */
		1D60588F0D05DD3D006BFB54 /* Frameworks */ = {
			isa = PBXFrameworksBuildPhase;
			buildActionMask = 2147483647;
			files = (
				1D60589F0D05DD5A006BFB54 /* Foundation.framework in Frameworks */,
				1DF5F4E00D08C38300B7A737 /* UIKit.framework in Frameworks */,
				288765A50DF7441C002DB57D /* CoreGraphics.framework in Frameworks */,
				31CE77E21199A3FE006C68D9 /* CFNetwork.framework in Frameworks */,
				31CE77E61199A406006C68D9 /* SystemConfiguration.framework in Frameworks */,
				31CE77EA1199A40D006C68D9 /* MobileCoreServices.framework in Frameworks */,
				31CE77EE1199A412006C68D9 /* libz.1.2.3.dylib in Frameworks */,
				77E9258912CD858700DF73A1 /* QuartzCore.framework in Frameworks */,
			);
			runOnlyForDeploymentPostprocessing = 0;
		};
/* End PBXFrameworksBuildPhase section */

/* Begin PBXGroup section */
		080E96DDFE201D6D7F000001 /* Classes */ = {
			isa = PBXGroup;
			children = (
				1D3623240D0F684500981E51 /* ShowOffPadAppDelegate.h */,
				1D3623250D0F684500981E51 /* ShowOffPadAppDelegate.m */,
				28D7ACF60DDB3853001CB0EB /* ShowOffPadViewController.h */,
				28D7ACF70DDB3853001CB0EB /* ShowOffPadViewController.m */,
				31CE731411987723006C68D9 /* ShowOffPadPresentController.h */,
				31CE731511987723006C68D9 /* ShowOffPadPresentController.m */,
				31CE75981198A79A006C68D9 /* UITouchyView.h */,
				31CE75991198A79A006C68D9 /* UITouchyView.m */,
				31CE76F71199983F006C68D9 /* RootController.h */,
				31CE76F81199983F006C68D9 /* RootController.m */,
				31CE773011999D50006C68D9 /* NewFormController.h */,
				31CE773111999D50006C68D9 /* NewFormController.m */,
			);
			path = Classes;
			sourceTree = "<group>";
		};
		19C28FACFE9D520D11CA2CBB /* Products */ = {
			isa = PBXGroup;
			children = (
				1D6058910D05DD3D006BFB54 /* ShowOffPad.app */,
			);
			name = Products;
			sourceTree = "<group>";
		};
		29B97314FDCFA39411CA2CEA /* CustomTemplate */ = {
			isa = PBXGroup;
			children = (
				31CE77BF1199A3CA006C68D9 /* HttpClient */,
				080E96DDFE201D6D7F000001 /* Classes */,
				29B97315FDCFA39411CA2CEA /* Other Sources */,
				29B97317FDCFA39411CA2CEA /* Resources */,
				29B97323FDCFA39411CA2CEA /* Frameworks */,
				19C28FACFE9D520D11CA2CBB /* Products */,
				31CE779C1199A2EC006C68D9 /* HTTPRiot.framework */,
				31CE77E11199A3FE006C68D9 /* CFNetwork.framework */,
				31CE77E51199A406006C68D9 /* SystemConfiguration.framework */,
				31CE77E91199A40D006C68D9 /* MobileCoreServices.framework */,
				31CE77ED1199A412006C68D9 /* libz.1.2.3.dylib */,
				77E9258812CD858700DF73A1 /* QuartzCore.framework */,
			);
			name = CustomTemplate;
			sourceTree = "<group>";
		};
		29B97315FDCFA39411CA2CEA /* Other Sources */ = {
			isa = PBXGroup;
			children = (
				32CA4F630368D1EE00C91783 /* ShowOffPad_Prefix.pch */,
				29B97316FDCFA39411CA2CEA /* main.m */,
			);
			name = "Other Sources";
			sourceTree = "<group>";
		};
		29B97317FDCFA39411CA2CEA /* Resources */ = {
			isa = PBXGroup;
			children = (
				2899E5210DE3E06400AC0155 /* ShowOffPadViewController.xib */,
				8D1107310486CEB800E47090 /* ShowOffPad-Info.plist */,
				31CE7399119879D7006C68D9 /* ShowOffPadPresentController.xib */,
				31CE772711999BF6006C68D9 /* NewFormController.xib */,
				31CE792C1199BD35006C68D9 /* MainWindow.xib */,
			);
			name = Resources;
			sourceTree = "<group>";
		};
		29B97323FDCFA39411CA2CEA /* Frameworks */ = {
			isa = PBXGroup;
			children = (
				1DF5F4DF0D08C38300B7A737 /* UIKit.framework */,
				1D30AB110D05D00D00671497 /* Foundation.framework */,
				288765A40DF7441C002DB57D /* CoreGraphics.framework */,
			);
			name = Frameworks;
			sourceTree = "<group>";
		};
		31CE77BF1199A3CA006C68D9 /* HttpClient */ = {
			isa = PBXGroup;
			children = (
				31CE77EF1199A446006C68D9 /* Reachability.h */,
				31CE77F01199A446006C68D9 /* Reachability.m */,
				31CE77C01199A3CA006C68D9 /* ASIAuthenticationDialog.h */,
				31CE77C11199A3CA006C68D9 /* ASIAuthenticationDialog.m */,
				31CE77C21199A3CA006C68D9 /* ASIFormDataRequest.h */,
				31CE77C31199A3CA006C68D9 /* ASIFormDataRequest.m */,
				31CE77C41199A3CA006C68D9 /* ASIHTTPRequest.h */,
				31CE77C51199A3CA006C68D9 /* ASIHTTPRequest.m */,
				31CE77C61199A3CA006C68D9 /* ASIHTTPRequestConfig.h */,
				31CE77C71199A3CA006C68D9 /* ASIHTTPRequestDelegate.h */,
				31CE77C81199A3CA006C68D9 /* ASIInputStream.h */,
				31CE77C91199A3CA006C68D9 /* ASIInputStream.m */,
				31CE77CA1199A3CA006C68D9 /* ASINetworkQueue.h */,
				31CE77CB1199A3CA006C68D9 /* ASINetworkQueue.m */,
				31CE77CC1199A3CA006C68D9 /* ASINSStringAdditions.h */,
				31CE77CD1199A3CA006C68D9 /* ASINSStringAdditions.m */,
				31CE77CE1199A3CA006C68D9 /* ASIProgressDelegate.h */,
			);
			path = HttpClient;
			sourceTree = "<group>";
		};
/* End PBXGroup section */

/* Begin PBXNativeTarget section */
		1D6058900D05DD3D006BFB54 /* ShowOffPad */ = {
			isa = PBXNativeTarget;
			buildConfigurationList = 1D6058960D05DD3E006BFB54 /* Build configuration list for PBXNativeTarget "ShowOffPad" */;
			buildPhases = (
				1D60588D0D05DD3D006BFB54 /* Resources */,
				1D60588E0D05DD3D006BFB54 /* Sources */,
				1D60588F0D05DD3D006BFB54 /* Frameworks */,
			);
			buildRules = (
			);
			dependencies = (
			);
			name = ShowOffPad;
			productName = ShowOffPad;
			productReference = 1D6058910D05DD3D006BFB54 /* ShowOffPad.app */;
			productType = "com.apple.product-type.application";
		};
/* End PBXNativeTarget section */

/* Begin PBXProject section */
		29B97313FDCFA39411CA2CEA /* Project object */ = {
			isa = PBXProject;
			buildConfigurationList = C01FCF4E08A954540054247B /* Build configuration list for PBXProject "ShowOffPad" */;
			compatibilityVersion = "Xcode 3.1";
			developmentRegion = English;
			hasScannedForEncodings = 1;
			knownRegions = (
				English,
				Japanese,
				French,
				German,
			);
			mainGroup = 29B97314FDCFA39411CA2CEA /* CustomTemplate */;
			projectDirPath = "";
			projectRoot = "";
			targets = (
				1D6058900D05DD3D006BFB54 /* ShowOffPad */,
			);
		};
/* End PBXProject section */

/* Begin PBXResourcesBuildPhase section */
		1D60588D0D05DD3D006BFB54 /* Resources */ = {
			isa = PBXResourcesBuildPhase;
			buildActionMask = 2147483647;
			files = (
				2899E5220DE3E06400AC0155 /* ShowOffPadViewController.xib in Resources */,
				31CE739A119879D7006C68D9 /* ShowOffPadPresentController.xib in Resources */,
				31CE772811999BF6006C68D9 /* NewFormController.xib in Resources */,
				31CE792D1199BD35006C68D9 /* MainWindow.xib in Resources */,
			);
			runOnlyForDeploymentPostprocessing = 0;
		};
/* End PBXResourcesBuildPhase section */

/* Begin PBXSourcesBuildPhase section */
		1D60588E0D05DD3D006BFB54 /* Sources */ = {
			isa = PBXSourcesBuildPhase;
			buildActionMask = 2147483647;
			files = (
				1D60589B0D05DD56006BFB54 /* main.m in Sources */,
				1D3623260D0F684500981E51 /* ShowOffPadAppDelegate.m in Sources */,
				28D7ACF80DDB3853001CB0EB /* ShowOffPadViewController.m in Sources */,
				31CE731611987723006C68D9 /* ShowOffPadPresentController.m in Sources */,
				31CE759A1198A79A006C68D9 /* UITouchyView.m in Sources */,
				31CE76F91199983F006C68D9 /* RootController.m in Sources */,
				31CE773211999D50006C68D9 /* NewFormController.m in Sources */,
				31CE77CF1199A3CA006C68D9 /* ASIAuthenticationDialog.m in Sources */,
				31CE77D01199A3CA006C68D9 /* ASIFormDataRequest.m in Sources */,
				31CE77D11199A3CA006C68D9 /* ASIHTTPRequest.m in Sources */,
				31CE77D21199A3CA006C68D9 /* ASIInputStream.m in Sources */,
				31CE77D31199A3CA006C68D9 /* ASINetworkQueue.m in Sources */,
				31CE77D41199A3CA006C68D9 /* ASINSStringAdditions.m in Sources */,
				31CE77F11199A446006C68D9 /* Reachability.m in Sources */,
			);
			runOnlyForDeploymentPostprocessing = 0;
		};
/* End PBXSourcesBuildPhase section */

/* Begin XCBuildConfiguration section */
		1D6058940D05DD3E006BFB54 /* Debug */ = {
			isa = XCBuildConfiguration;
			buildSettings = {
				ALWAYS_SEARCH_USER_PATHS = NO;
				COPY_PHASE_STRIP = NO;
				FRAMEWORK_SEARCH_PATHS = (
					"$(inherited)",
					"\"$(SRCROOT)/../../Downloads/httpriot-0.6.10\"",
				);
				GCC_DYNAMIC_NO_PIC = NO;
				GCC_OPTIMIZATION_LEVEL = 0;
				GCC_PRECOMPILE_PREFIX_HEADER = YES;
				GCC_PREFIX_HEADER = ShowOffPad_Prefix.pch;
				INFOPLIST_FILE = "ShowOffPad-Info.plist";
				PRODUCT_NAME = ShowOffPad;
				SDKROOT = iphoneos;
			};
			name = Debug;
		};
		1D6058950D05DD3E006BFB54 /* Release */ = {
			isa = XCBuildConfiguration;
			buildSettings = {
				ALWAYS_SEARCH_USER_PATHS = NO;
				COPY_PHASE_STRIP = YES;
				FRAMEWORK_SEARCH_PATHS = (
					"$(inherited)",
					"\"$(SRCROOT)/../../Downloads/httpriot-0.6.10\"",
				);
				GCC_PRECOMPILE_PREFIX_HEADER = YES;
				GCC_PREFIX_HEADER = ShowOffPad_Prefix.pch;
				INFOPLIST_FILE = "ShowOffPad-Info.plist";
				PRODUCT_NAME = ShowOffPad;
				VALIDATE_PRODUCT = YES;
			};
			name = Release;
		};
		C01FCF4F08A954540054247B /* Debug */ = {
			isa = XCBuildConfiguration;
			buildSettings = {
				"ARCHS[sdk=iphoneos*]" = armv7;
				"ARCHS[sdk=iphonesimulator*]" = i386;
				"CODE_SIGN_IDENTITY[sdk=iphoneos*]" = "iPhone Developer";
				GCC_C_LANGUAGE_STANDARD = c99;
				GCC_WARN_ABOUT_RETURN_TYPE = YES;
				GCC_WARN_UNUSED_VARIABLE = YES;
				PREBINDING = NO;
				SDKROOT = iphoneos3.2;
				TARGETED_DEVICE_FAMILY = 2;
			};
			name = Debug;
		};
		C01FCF5008A954540054247B /* Release */ = {
			isa = XCBuildConfiguration;
			buildSettings = {
				"ARCHS[sdk=iphoneos*]" = armv7;
				"ARCHS[sdk=iphonesimulator*]" = i386;
				"CODE_SIGN_IDENTITY[sdk=iphoneos*]" = "iPhone Developer";
				GCC_C_LANGUAGE_STANDARD = c99;
				GCC_WARN_ABOUT_RETURN_TYPE = YES;
				GCC_WARN_UNUSED_VARIABLE = YES;
				OTHER_CFLAGS = "-DNS_BLOCK_ASSERTIONS=1";
				PREBINDING = NO;
				SDKROOT = iphoneos3.2;
				TARGETED_DEVICE_FAMILY = 2;
			};
			name = Release;
		};
/* End XCBuildConfiguration section */

/* Begin XCConfigurationList section */
		1D6058960D05DD3E006BFB54 /* Build configuration list for PBXNativeTarget "ShowOffPad" */ = {
			isa = XCConfigurationList;
			buildConfigurations = (
				1D6058940D05DD3E006BFB54 /* Debug */,
				1D6058950D05DD3E006BFB54 /* Release */,
			);
			defaultConfigurationIsVisible = 0;
			defaultConfigurationName = Release;
		};
		C01FCF4E08A954540054247B /* Build configuration list for PBXProject "ShowOffPad" */ = {
			isa = XCConfigurationList;
			buildConfigurations = (
				C01FCF4F08A954540054247B /* Debug */,
				C01FCF5008A954540054247B /* Release */,
			);
			defaultConfigurationIsVisible = 0;
			defaultConfigurationName = Release;
		};
/* End XCConfigurationList section */
	};
	rootObject = 29B97313FDCFA39411CA2CEA /* Project object */;
}
